<?xml version="1.0" encoding="utf-8"?>
<Project ToolsVersion="4.0" xmlns="http://schemas.microsoft.com/developer/msbuild/2003">
  <ItemGroup>
    <Filter Include="Utilities">
      <UniqueIdentifier>{5c733c5c-d42f-4593-bab7-04d28a896d55}</UniqueIdentifier>
    </Filter>
    <Filter Include="TextureMediaSink">
      <UniqueIdentifier>{2e584adf-e1f5-4620-9418-f745e513939d}</UniqueIdentifier>
    </Filter>
  </ItemGroup>
  <ItemGroup>
    <ClInclude Include="..\..\..\%40MediaFoundation\D3D11TextureMediaSink\D3D11TextureMediaSink\AsyncCallback.h">
      <Filter>Utilities</Filter>
    </ClInclude>
    <ClInclude Include="..\..\..\%40MediaFoundation\D3D11TextureMediaSink\D3D11TextureMediaSink\AutoLock.h">
      <Filter>Utilities</Filter>
    </ClInclude>
    <ClInclude Include="..\..\..\%40MediaFoundation\D3D11TextureMediaSink\D3D11TextureMediaSink\CriticalSection.h">
      <Filter>Utilities</Filter>
    </ClInclude>
    <ClInclude Include="..\..\..\%40MediaFoundation\D3D11TextureMediaSink\D3D11TextureMediaSink\ComPtrListEx.h">
      <Filter>Utilities</Filter>
    </ClInclude>
    <ClInclude Include="..\..\..\%40MediaFoundation\D3D11TextureMediaSink\D3D11TextureMediaSink\ThreadSafeComPtrQueue.h">
      <Filter>Utilities</Filter>
    </ClInclude>
    <ClInclude Include="..\..\..\%40MediaFoundation\D3D11TextureMediaSink\D3D11TextureMediaSink\ThreadSafePtrQueue.h">
      <Filter>Utilities</Filter>
    </ClInclude>
    <ClInclude Include="..\..\..\%40MediaFoundation\D3D11TextureMediaSink\D3D11TextureMediaSink\MFAttributesImpl.h">
      <Filter>Utilities</Filter>
    </ClInclude>
    <ClInclude Include="..\..\..\%40MediaFoundation\D3D11TextureMediaSink\D3D11TextureMediaSink\PtrList.h">
      <Filter>Utilities</Filter>
    </ClInclude>
    <ClInclude Include="..\..\..\%40MediaFoundation\D3D11TextureMediaSink\D3D11TextureMediaSink\IMarker.h">
      <Filter>TextureMediaSink</Filter>
    </ClInclude>
    <ClInclude Include="..\..\..\%40MediaFoundation\D3D11TextureMediaSink\D3D11TextureMediaSink\Marker.h">
      <Filter>TextureMediaSink</Filter>
    </ClInclude>
    <ClInclude Include="..\..\..\%40MediaFoundation\D3D11TextureMediaSink\D3D11TextureMediaSink\Presenter.h">
      <Filter>TextureMediaSink</Filter>
    </ClInclude>
    <ClInclude Include="..\..\..\%40MediaFoundation\D3D11TextureMediaSink\D3D11TextureMediaSink\SampleAllocator.h">
      <Filter>TextureMediaSink</Filter>
    </ClInclude>
    <ClInclude Include="..\..\..\%40MediaFoundation\D3D11TextureMediaSink\D3D11TextureMediaSink\Scheduler.h">
      <Filter>TextureMediaSink</Filter>
    </ClInclude>
    <ClInclude Include="..\..\..\%40MediaFoundation\D3D11TextureMediaSink\D3D11TextureMediaSink\StreamSink.h">
      <Filter>TextureMediaSink</Filter>
    </ClInclude>
    <ClInclude Include="..\..\..\%40MediaFoundation\D3D11TextureMediaSink\D3D11TextureMediaSink\TextureMediaSink.h">
      <Filter>TextureMediaSink</Filter>
    </ClInclude>
    <ClInclude Include="..\..\..\%40MediaFoundation\D3D11TextureMediaSink\D3D11TextureMediaSink\D3D11TextureMediaSink.h" />
    <ClInclude Include="..\..\..\%40MediaFoundation\D3D11TextureMediaSink\D3D11TextureMediaSink\stdafx.h" />
    <ClInclude Include="..\..\..\%40MediaFoundation\D3D11TextureMediaSink\D3D11TextureMediaSink\targetver.h" />
  </ItemGroup>
  <ItemGroup>
    <ClCompile Include="..\..\..\%40MediaFoundation\D3D11TextureMediaSink\D3D11TextureMediaSink\Marker.cpp">
      <Filter>TextureMediaSink</Filter>
    </ClCompile>
    <ClCompile Include="..\..\..\%40MediaFoundation\D3D11TextureMediaSink\D3D11TextureMediaSink\Presenter.cpp">
      <Filter>TextureMediaSink</Filter>
    </ClCompile>
    <ClCompile Include="..\..\..\%40MediaFoundation\D3D11TextureMediaSink\D3D11TextureMediaSink\SampleAllocator.cpp">
      <Filter>TextureMediaSink</Filter>
    </ClCompile>
    <ClCompile Include="..\..\..\%40MediaFoundation\D3D11TextureMediaSink\D3D11TextureMediaSink\Scheduler.cpp">
      <Filter>TextureMediaSink</Filter>
    </ClCompile>
    <ClCompile Include="..\..\..\%40MediaFoundation\D3D11TextureMediaSink\D3D11TextureMediaSink\StreamSink.cpp">
      <Filter>TextureMediaSink</Filter>
    </ClCompile>
    <ClCompile Include="..\..\..\%40MediaFoundation\D3D11TextureMediaSink\D3D11TextureMediaSink\TextureMediaSink.cpp">
      <Filter>TextureMediaSink</Filter>
    </ClCompile>
    <ClCompile Include="..\..\..\%40MediaFoundation\D3D11TextureMediaSink\D3D11TextureMediaSink\dllmain.cpp" />
    <ClCompile Include="..\..\..\%40MediaFoundation\D3D11TextureMediaSink\D3D11TextureMediaSink\stdafx.cpp" />
  </ItemGroup>
  <ItemGroup>
    <None Include="..\..\..\%40MediaFoundation\D3D11TextureMediaSink\D3D11TextureMediaSink\dllmodules.def" />
  </ItemGroup>
</Project>